
Microsoft Visual Studio Solution File, Format Version 12.00
# Visual Studio 15
VisualStudioVersion = 15.0.27130.2026
MinimumVisualStudioVersion = 10.0.40219.1
Project("{FAE04EC0-301F-11D3-BF4B-00C04F79EFBC}") = "WebApplication1", "WebApplication1\WebApplication1.csproj", "{1F0D512F-2405-46A0-B297-416BCA197DC9}"
EndProject
Global
	GlobalSection(SolutionConfigurationPlatforms) = preSolution
		Debug|Any CPU = Debug|Any CPU
		Release|Any CPU = Release|Any CPU
	EndGlobalSection
	GlobalSection(ProjectConfigurationPlatforms) = postSolution
		{1F0D512F-2405-46A0-B297-416BCA197DC9}.Debug|Any CPU.ActiveCfg = Debug|Any CPU
		{1F0D512F-2405-46A0-B297-416BCA197DC9}.Debug|Any CPU.Build.0 = Debug|Any CPU
		{1F0D512F-2405-46A0-B297-416BCA197DC9}.Release|Any CPU.ActiveCfg = Release|Any CPU
		{1F0D512F-2405-46A0-B297-416BCA197DC9}.Release|Any CPU.Build.0 = Release|Any CPU
	EndGlobalSection
	GlobalSection(SolutionProperties) = preSolution
		HideSolutionNode = FALSE
	EndGlobalSection
	GlobalSection(ExtensibilityGlobals) = postSolution
		SolutionGuid = {1ADBC1A3-FE61-445D-BBB9-62D179FD4F5E}
	EndGlobalSection
EndGlobal
